
Microsoft Visual Studio Solution File, Format Version 12.00
# Visual Studio 15
VisualStudioVersion = 15.0.28307.1259
MinimumVisualStudioVersion = 10.0.40219.1
Project("{8BC9CEB8-8B4A-11D0-8D11-00A0C91BC942}") = "VcTest", "VcTest\VcTest.vcxproj", "{7A718E8D-E34C-4706-95CA-BD9253044508}"
EndProject
Project("{8BC9CEB8-8B4A-11D0-8D11-00A0C91BC942}") = "NowCoder", "NowCoder\NowCoder.vcxproj", "{9346F250-EFB9-43B6-BB9F-4E0E50E05063}"
EndProject
Global
	GlobalSection(SolutionConfigurationPlatforms) = preSolution
		Debug|x64 = Debug|x64
		Debug|x86 = Debug|x86
		Release|x64 = Release|x64
		Release|x86 = Release|x86
	EndGlobalSection
	GlobalSection(ProjectConfigurationPlatforms) = postSolution
		{7A718E8D-E34C-4706-95CA-BD9253044508}.Debug|x64.ActiveCfg = Debug|x64
		{7A718E8D-E34C-4706-95CA-BD9253044508}.Debug|x64.Build.0 = Debug|x64
		{7A718E8D-E34C-4706-95CA-BD9253044508}.Debug|x86.ActiveCfg = Debug|Win32
		{7A718E8D-E34C-4706-95CA-BD9253044508}.Debug|x86.Build.0 = Debug|Win32
		{7A718E8D-E34C-4706-95CA-BD9253044508}.Release|x64.ActiveCfg = Release|x64
		{7A718E8D-E34C-4706-95CA-BD9253044508}.Release|x64.Build.0 = Release|x64
		{7A718E8D-E34C-4706-95CA-BD9253044508}.Release|x86.ActiveCfg = Release|Win32
		{7A718E8D-E34C-4706-95CA-BD9253044508}.Release|x86.Build.0 = Release|Win32
		{9346F250-EFB9-43B6-BB9F-4E0E50E05063}.Debug|x64.ActiveCfg = Debug|x64
		{9346F250-EFB9-43B6-BB9F-4E0E50E05063}.Debug|x64.Build.0 = Debug|x64
		{9346F250-EFB9-43B6-BB9F-4E0E50E05063}.Debug|x86.ActiveCfg = Debug|Win32
		{9346F250-EFB9-43B6-BB9F-4E0E50E05063}.Debug|x86.Build.0 = Debug|Win32
		{9346F250-EFB9-43B6-BB9F-4E0E50E05063}.Release|x64.ActiveCfg = Release|x64
		{9346F250-EFB9-43B6-BB9F-4E0E50E05063}.Release|x64.Build.0 = Release|x64
		{9346F250-EFB9-43B6-BB9F-4E0E50E05063}.Release|x86.ActiveCfg = Release|Win32
		{9346F250-EFB9-43B6-BB9F-4E0E50E05063}.Release|x86.Build.0 = Release|Win32
	EndGlobalSection
	GlobalSection(SolutionProperties) = preSolution
		HideSolutionNode = FALSE
	EndGlobalSection
	GlobalSection(ExtensibilityGlobals) = postSolution
		SolutionGuid = {3B7DBE27-6071-444A-B724-FCFAA7DFDD38}
	EndGlobalSection
EndGlobal
